dependencies:
  espressif/iqmath:
    component_hash: 407d5bc3fd358a73d2b09982918ab508b4e804cc547942c5979d226be86b7e75
    dependencies:
    - name: idf
      require: private
      version: '>=4.4'
    source:
      registry_url: https://components.espressif.com/
      type: service
    version: 1.11.0
  idf:
    source:
      type: idf
    version: 5.3.1
direct_dependencies:
- espressif/iqmath
- idf
manifest_hash: 60caa3792b88c2ff38dbb71bb1ca18caad8a78342ade8d9f1c71470699309bb1
target: esp32
version: 2.0.0
